{
  "version": "4",
  "specifiers": {
    "jsr:@std/assert@1": "1.0.7",
    "jsr:@std/internal@^1.0.5": "1.0.5"
  },
  "jsr": {
    "@std/assert@1.0.7": {
      "integrity": "64ce9fac879e0b9f3042a89b3c3f8ccfc9c984391af19e2087513a79d73e28c3",
      "dependencies": [
        "jsr:@std/internal"
      ]
    },
    "@std/internal@1.0.5": {
      "integrity": "54a546004f769c1ac9e025abd15a76b6671ddc9687e2313b67376125650dc7ba"
    }
  },
  "redirects": {
    "https://esm.sh/react": "https://esm.sh/react@18.3.1",
    "https://esm.sh/react-dom/server": "https://esm.sh/react-dom@18.3.1/server",
    "https://esm.sh/v128/@types/react@~18.3/index.d.ts": "https://esm.sh/v128/@types/react@18.2.38/index.d.ts",
    "https://esm.sh/v135/@types/react-dom@~18.3/server~.d.ts": "https://esm.sh/v135/@types/react-dom@18.3.1/server~.d.ts"
  },
  "remote": {
    "https://esm.sh/react-dom@18.3.1/server": "90e374c5323303d5315c780b19e5d6297ec5a569f9cee1df28ee1030dd23af9c",
    "https://esm.sh/react@18.3.1": "52480d4c00855e4f76843caa4f2818eb001671523740cbf064cbd108721c29c8",
    "https://esm.sh/stable/react@18.3.1/denonext/react.mjs": "fc048ffc55366baf7669519127d186761db72046e2bebf35fe8d0de3964defa3",
    "https://esm.sh/v135/react-dom@18.3.1/denonext/server.js": "b4db56f16b45002b5e9b127a9938ab45b12f39825161dffe875920510c524878"
  },
  "workspace": {
    "dependencies": [
      "jsr:@std/assert@1"
    ]
  }
}
